
Microsoft Visual Studio Solution File, Format Version 12.00
# Visual Studio Version 17
VisualStudioVersion = 17.9.34616.47
MinimumVisualStudioVersion = 10.0.40219.1
Project("{FAE04EC0-301F-11D3-BF4B-00C04F79EFBC}") = "Moreti_TG_39141004_Assessment 3", "Moreti_TG_39141004_Assessment 3\Moreti_TG_39141004_Assessment 3.csproj", "{43EF6B53-5522-40F7-9E20-8F982D0EB4D4}"
EndProject
Global
	GlobalSection(SolutionConfigurationPlatforms) = preSolution
		Debug|Any CPU = Debug|Any CPU
		Release|Any CPU = Release|Any CPU
	EndGlobalSection
	GlobalSection(ProjectConfigurationPlatforms) = postSolution
		{43EF6B53-5522-40F7-9E20-8F982D0EB4D4}.Debug|Any CPU.ActiveCfg = Debug|Any CPU
		{43EF6B53-5522-40F7-9E20-8F982D0EB4D4}.Debug|Any CPU.Build.0 = Debug|Any CPU
		{43EF6B53-5522-40F7-9E20-8F982D0EB4D4}.Release|Any CPU.ActiveCfg = Release|Any CPU
		{43EF6B53-5522-40F7-9E20-8F982D0EB4D4}.Release|Any CPU.Build.0 = Release|Any CPU
	EndGlobalSection
	GlobalSection(SolutionProperties) = preSolution
		HideSolutionNode = FALSE
	EndGlobalSection
	GlobalSection(ExtensibilityGlobals) = postSolution
		SolutionGuid = {21378133-253D-4385-B8DE-1C7CB0511630}
	EndGlobalSection
EndGlobal
